
Microsoft Visual Studio Solution File, Format Version 11.00
# Visual Studio 2010
Project("{FAE04EC0-301F-11D3-BF4B-00C04F79EFBC}") = "Hardware", "Hardware\Hardware.csproj", "{95447080-F38B-4C9F-BB06-1F5ECDC9E316}"
EndProject
Project("{FAE04EC0-301F-11D3-BF4B-00C04F79EFBC}") = "Test", "Test\Test.csproj", "{F1499913-347F-4DFF-97A3-0C6769B2BCD5}"
EndProject
Project("{FAE04EC0-301F-11D3-BF4B-00C04F79EFBC}") = "Network", "Network\Network.csproj", "{436407DD-3072-4C53-926A-B0B6314D95DB}"
EndProject
Project("{FAE04EC0-301F-11D3-BF4B-00C04F79EFBC}") = "VikingErik.NetMF.MicroLinq", "..\ThirdParty\VikingErik.NetMF\VikingErik.NetMF.MicroLinq\VikingErik.NetMF.MicroLinq.csproj", "{FA64F384-FC2C-465B-8D9A-DA9E41F56CF6}"
EndProject
Project("{FAE04EC0-301F-11D3-BF4B-00C04F79EFBC}") = "VikingErik.NetMF.MicroLinq.PrebuiltDelegates", "..\ThirdParty\VikingErik.NetMF\VikingErik.NetMF.MicroLinq.PrebuiltDelegates\VikingErik.NetMF.MicroLinq.PrebuiltDelegates.csproj", "{7F7C44D0-A55B-427A-A45F-6523667739D7}"
EndProject
Project("{FAE04EC0-301F-11D3-BF4B-00C04F79EFBC}") = "Utils", "Utils\Utils.csproj", "{FD99E5C2-BE04-4846-94E0-F9C60E9BB264}"
EndProject
Global
	GlobalSection(SolutionConfigurationPlatforms) = preSolution
		Debug|Any CPU = Debug|Any CPU
		Release|Any CPU = Release|Any CPU
	EndGlobalSection
	GlobalSection(ProjectConfigurationPlatforms) = postSolution
		{95447080-F38B-4C9F-BB06-1F5ECDC9E316}.Debug|Any CPU.ActiveCfg = Debug|Any CPU
		{95447080-F38B-4C9F-BB06-1F5ECDC9E316}.Debug|Any CPU.Build.0 = Debug|Any CPU
		{95447080-F38B-4C9F-BB06-1F5ECDC9E316}.Release|Any CPU.ActiveCfg = Release|Any CPU
		{95447080-F38B-4C9F-BB06-1F5ECDC9E316}.Release|Any CPU.Build.0 = Release|Any CPU
		{F1499913-347F-4DFF-97A3-0C6769B2BCD5}.Debug|Any CPU.ActiveCfg = Debug|Any CPU
		{F1499913-347F-4DFF-97A3-0C6769B2BCD5}.Debug|Any CPU.Build.0 = Debug|Any CPU
		{F1499913-347F-4DFF-97A3-0C6769B2BCD5}.Debug|Any CPU.Deploy.0 = Debug|Any CPU
		{F1499913-347F-4DFF-97A3-0C6769B2BCD5}.Release|Any CPU.ActiveCfg = Release|Any CPU
		{F1499913-347F-4DFF-97A3-0C6769B2BCD5}.Release|Any CPU.Build.0 = Release|Any CPU
		{F1499913-347F-4DFF-97A3-0C6769B2BCD5}.Release|Any CPU.Deploy.0 = Release|Any CPU
		{436407DD-3072-4C53-926A-B0B6314D95DB}.Debug|Any CPU.ActiveCfg = Debug|Any CPU
		{436407DD-3072-4C53-926A-B0B6314D95DB}.Debug|Any CPU.Build.0 = Debug|Any CPU
		{436407DD-3072-4C53-926A-B0B6314D95DB}.Release|Any CPU.ActiveCfg = Release|Any CPU
		{436407DD-3072-4C53-926A-B0B6314D95DB}.Release|Any CPU.Build.0 = Release|Any CPU
		{FA64F384-FC2C-465B-8D9A-DA9E41F56CF6}.Debug|Any CPU.ActiveCfg = Debug|Any CPU
		{FA64F384-FC2C-465B-8D9A-DA9E41F56CF6}.Debug|Any CPU.Build.0 = Debug|Any CPU
		{FA64F384-FC2C-465B-8D9A-DA9E41F56CF6}.Release|Any CPU.ActiveCfg = Release|Any CPU
		{FA64F384-FC2C-465B-8D9A-DA9E41F56CF6}.Release|Any CPU.Build.0 = Release|Any CPU
		{7F7C44D0-A55B-427A-A45F-6523667739D7}.Debug|Any CPU.ActiveCfg = Debug|Any CPU
		{7F7C44D0-A55B-427A-A45F-6523667739D7}.Debug|Any CPU.Build.0 = Debug|Any CPU
		{7F7C44D0-A55B-427A-A45F-6523667739D7}.Release|Any CPU.ActiveCfg = Release|Any CPU
		{7F7C44D0-A55B-427A-A45F-6523667739D7}.Release|Any CPU.Build.0 = Release|Any CPU
		{FD99E5C2-BE04-4846-94E0-F9C60E9BB264}.Debug|Any CPU.ActiveCfg = Debug|Any CPU
		{FD99E5C2-BE04-4846-94E0-F9C60E9BB264}.Debug|Any CPU.Build.0 = Debug|Any CPU
		{FD99E5C2-BE04-4846-94E0-F9C60E9BB264}.Release|Any CPU.ActiveCfg = Release|Any CPU
		{FD99E5C2-BE04-4846-94E0-F9C60E9BB264}.Release|Any CPU.Build.0 = Release|Any CPU
	EndGlobalSection
	GlobalSection(SolutionProperties) = preSolution
		HideSolutionNode = FALSE
	EndGlobalSection
EndGlobal
